
Microsoft Visual Studio Solution File, Format Version 12.00
# Visual Studio Version 17
VisualStudioVersion = 17.5.33530.505
MinimumVisualStudioVersion = 10.0.40219.1
Project("{FAE04EC0-301F-11D3-BF4B-00C04F79EFBC}") = "gambling", "gambling\gambling.csproj", "{C6B987F6-42FC-4840-AB83-3E1294D23961}"
EndProject
Global
	GlobalSection(SolutionConfigurationPlatforms) = preSolution
		Debug|Any CPU = Debug|Any CPU
		Release|Any CPU = Release|Any CPU
	EndGlobalSection
	GlobalSection(ProjectConfigurationPlatforms) = postSolution
		{C6B987F6-42FC-4840-AB83-3E1294D23961}.Debug|Any CPU.ActiveCfg = Debug|Any CPU
		{C6B987F6-42FC-4840-AB83-3E1294D23961}.Debug|Any CPU.Build.0 = Debug|Any CPU
		{C6B987F6-42FC-4840-AB83-3E1294D23961}.Release|Any CPU.ActiveCfg = Release|Any CPU
		{C6B987F6-42FC-4840-AB83-3E1294D23961}.Release|Any CPU.Build.0 = Release|Any CPU
	EndGlobalSection
	GlobalSection(SolutionProperties) = preSolution
		HideSolutionNode = FALSE
	EndGlobalSection
	GlobalSection(ExtensibilityGlobals) = postSolution
		SolutionGuid = {BB6E6BF4-B3B7-4A37-A83B-B18FB9A34264}
	EndGlobalSection
EndGlobal
